// !$*UTF8*$!
{
	archiveVersion = 1;
	classes = {
	};
	objectVersion = 46;
	objects = {

/* Begin PBXBuildFile section */
		3692031A21D836BF00C7E9EA /* AppDelegate.swift in Sources */ = {isa = PBXBuildFile; fileRef = 3692031921D836BF00C7E9EA /* AppDelegate.swift */; };
		3692031C21D836BF00C7E9EA /* ViewController.swift in Sources */ = {isa = PBXBuildFile; fileRef = 3692031B21D836BF00C7E9EA /* ViewController.swift */; };
		3692031F21D836BF00C7E9EA /* Main.storyboard in Resources */ = {isa = PBXBuildFile; fileRef = 3692031D21D836BF00C7E9EA /* Main.storyboard */; };
		3692032121D836BF00C7E9EA /* Assets.xcassets in Resources */ = {isa = PBXBuildFile; fileRef = 3692032021D836BF00C7E9EA /* Assets.xcassets */; };
		3692032421D836BF00C7E9EA /* LaunchScreen.storyboard in Resources */ = {isa = PBXBuildFile; fileRef = 3692032221D836BF00C7E9EA /* LaunchScreen.storyboard */; };
		3692032F21D836BF00C7E9EA /* TippyTests.swift in Sources */ = {isa = PBXBuildFile; fileRef = 3692032E21D836BF00C7E9EA /* TippyTests.swift */; };
		3692033A21D836BF00C7E9EA /* TippyUITests.swift in Sources */ = {isa = PBXBuildFile; fileRef = 3692033921D836BF00C7E9EA /* TippyUITests.swift */; };
/* End PBXBuildFile section */

/* Begin PBXContainerItemProxy section */
		3692032B21D836BF00C7E9EA /* PBXContainerItemProxy */ = {
			isa = PBXContainerItemProxy;
			containerPortal = 3692030E21D836BE00C7E9EA /* Project object */;
			proxyType = 1;
			remoteGlobalIDString = 3692031521D836BE00C7E9EA;
			remoteInfo = Tippy;
		};
		3692033621D836BF00C7E9EA /* PBXContainerItemProxy */ = {
			isa = PBXContainerItemProxy;
			containerPortal = 3692030E21D836BE00C7E9EA /* Project object */;
			proxyType = 1;
			remoteGlobalIDString = 3692031521D836BE00C7E9EA;
			remoteInfo = Tippy;
		};
/* End PBXContainerItemProxy section */

/* Begin PBXFileReference section */
		3692031621D836BF00C7E9EA /* Tippy.app */ = {isa = PBXFileReference; explicitFileType = wrapper.application; includeInIndex = 0; path = Tippy.app; sourceTree = BUILT_PRODUCTS_DIR; };
		3692031921D836BF00C7E9EA /* AppDelegate.swift */ = {isa = PBXFileReference; lastKnownFileType = sourcecode.swift; path = AppDelegate.swift; sourceTree = "<group>"; };
		3692031B21D836BF00C7E9EA /* ViewController.swift */ = {isa = PBXFileReference; lastKnownFileType = sourcecode.swift; path = ViewController.swift; sourceTree = "<group>"; };
		3692031E21D836BF00C7E9EA /* Base */ = {isa = PBXFileReference; lastKnownFileType = file.storyboard; name = Base; path = Base.lproj/Main.storyboard; sourceTree = "<group>"; };
		3692032021D836BF00C7E9EA /* Assets.xcassets */ = {isa = PBXFileReference; lastKnownFileType = folder.assetcatalog; path = Assets.xcassets; sourceTree = "<group>"; };
		3692032321D836BF00C7E9EA /* Base */ = {isa = PBXFileReference; lastKnownFileType = file.storyboard; name = Base; path = Base.lproj/LaunchScreen.storyboard; sourceTree = "<group>"; };
		3692032521D836BF00C7E9EA /* Info.plist */ = {isa = PBXFileReference; lastKnownFileType = text.plist.xml; path = Info.plist; sourceTree = "<group>"; };
		3692032A21D836BF00C7E9EA /* TippyTests.xctest */ = {isa = PBXFileReference; explicitFileType = wrapper.cfbundle; includeInIndex = 0; path = TippyTests.xctest; sourceTree = BUILT_PRODUCTS_DIR; };
		3692032E21D836BF00C7E9EA /* TippyTests.swift */ = {isa = PBXFileReference; lastKnownFileType = sourcecode.swift; path = TippyTests.swift; sourceTree = "<group>"; };
		3692033021D836BF00C7E9EA /* Info.plist */ = {isa = PBXFileReference; lastKnownFileType = text.plist.xml; path = Info.plist; sourceTree = "<group>"; };
		3692033521D836BF00C7E9EA /* TippyUITests.xctest */ = {isa = PBXFileReference; explicitFileType = wrapper.cfbundle; includeInIndex = 0; path = TippyUITests.xctest; sourceTree = BUILT_PRODUCTS_DIR; };
		3692033921D836BF00C7E9EA /* TippyUITests.swift */ = {isa = PBXFileReference; lastKnownFileType = sourcecode.swift; path = TippyUITests.swift; sourceTree = "<group>"; };
		3692033B21D836BF00C7E9EA /* Info.plist */ = {isa = PBXFileReference; lastKnownFileType = text.plist.xml; path = Info.plist; sourceTree = "<group>"; };
/* End PBXFileReference section */

/* Begin PBXFrameworksBuildPhase section */
		3692031321D836BE00C7E9EA /* Frameworks */ = {
			isa = PBXFrameworksBuildPhase;
			buildActionMask = 2147483647;
			files = (
			);
			runOnlyForDeploymentPostprocessing = 0;
		};
		3692032721D836BF00C7E9EA /* Frameworks */ = {
			isa = PBXFrameworksBuildPhase;
			buildActionMask = 2147483647;
			files = (
			);
			runOnlyForDeploymentPostprocessing = 0;
		};
		3692033221D836BF00C7E9EA /* Frameworks */ = {
			isa = PBXFrameworksBuildPhase;
			buildActionMask = 2147483647;
			files = (
			);
			runOnlyForDeploymentPostprocessing = 0;
		};
/* End PBXFrameworksBuildPhase section */

/* Begin PBXGroup section */
		3692030D21D836BE00C7E9EA = {
			isa = PBXGroup;
			children = (
				3692031821D836BF00C7E9EA /* Tippy */,
				3692032D21D836BF00C7E9EA /* TippyTests */,
				3692033821D836BF00C7E9EA /* TippyUITests */,
				3692031721D836BF00C7E9EA /* Products */,
			);
			sourceTree = "<group>";
		};
		3692031721D836BF00C7E9EA /* Products */ = {
			isa = PBXGroup;
			children = (
				3692031621D836BF00C7E9EA /* Tippy.app */,
				3692032A21D836BF00C7E9EA /* TippyTests.xctest */,
				3692033521D836BF00C7E9EA /* TippyUITests.xctest */,
			);
			name = Products;
			sourceTree = "<group>";
		};
		3692031821D836BF00C7E9EA /* Tippy */ = {
			isa = PBXGroup;
			children = (
				3692031921D836BF00C7E9EA /* AppDelegate.swift */,
				3692031B21D836BF00C7E9EA /* ViewController.swift */,
				3692031D21D836BF00C7E9EA /* Main.storyboard */,
				3692032021D836BF00C7E9EA /* Assets.xcassets */,
				3692032221D836BF00C7E9EA /* LaunchScreen.storyboard */,
				3692032521D836BF00C7E9EA /* Info.plist */,
			);
			path = Tippy;
			sourceTree = "<group>";
		};
		3692032D21D836BF00C7E9EA /* TippyTests */ = {
			isa = PBXGroup;
			children = (
				3692032E21D836BF00C7E9EA /* TippyTests.swift */,
				3692033021D836BF00C7E9EA /* Info.plist */,
			);
			path = TippyTests;
			sourceTree = "<group>";
		};
		3692033821D836BF00C7E9EA /* TippyUITests */ = {
			isa = PBXGroup;
			children = (
				3692033921D836BF00C7E9EA /* TippyUITests.swift */,
				3692033B21D836BF00C7E9EA /* Info.plist */,
			);
			path = TippyUITests;
			sourceTree = "<group>";
		};
/* End PBXGroup section */

/* Begin PBXNativeTarget section */
		3692031521D836BE00C7E9EA /* Tippy */ = {
			isa = PBXNativeTarget;
			buildConfigurationList = 3692033E21D836BF00C7E9EA /* Build configuration list for PBXNativeTarget "Tippy" */;
			buildPhases = (
				3692031221D836BE00C7E9EA /* Sources */,
				3692031321D836BE00C7E9EA /* Frameworks */,
				3692031421D836BE00C7E9EA /* Resources */,
			);
			buildRules = (
			);
			dependencies = (
			);
			name = Tippy;
			productName = Tippy;
			productReference = 3692031621D836BF00C7E9EA /* Tippy.app */;
			productType = "com.apple.product-type.application";
		};
		3692032921D836BF00C7E9EA /* TippyTests */ = {
			isa = PBXNativeTarget;
			buildConfigurationList = 3692034121D836BF00C7E9EA /* Build configuration list for PBXNativeTarget "TippyTests" */;
			buildPhases = (
				3692032621D836BF00C7E9EA /* Sources */,
				3692032721D836BF00C7E9EA /* Frameworks */,
				3692032821D836BF00C7E9EA /* Resources */,
			);
			buildRules = (
			);
			dependencies = (
				3692032C21D836BF00C7E9EA /* PBXTargetDependency */,
			);
			name = TippyTests;
			productName = TippyTests;
			productReference = 3692032A21D836BF00C7E9EA /* TippyTests.xctest */;
			productType = "com.apple.product-type.bundle.unit-test";
		};
		3692033421D836BF00C7E9EA /* TippyUITests */ = {
			isa = PBXNativeTarget;
			buildConfigurationList = 3692034421D836BF00C7E9EA /* Build configuration list for PBXNativeTarget "TippyUITests" */;
			buildPhases = (
				3692033121D836BF00C7E9EA /* Sources */,
				3692033221D836BF00C7E9EA /* Frameworks */,
				3692033321D836BF00C7E9EA /* Resources */,
			);
			buildRules = (
			);
			dependencies = (
				3692033721D836BF00C7E9EA /* PBXTargetDependency */,
			);
			name = TippyUITests;
			productName = TippyUITests;
			productReference = 3692033521D836BF00C7E9EA /* TippyUITests.xctest */;
			productType = "com.apple.product-type.bundle.ui-testing";
		};
/* End PBXNativeTarget section */

/* Begin PBXProject section */
		3692030E21D836BE00C7E9EA /* Project object */ = {
			isa = PBXProject;
			attributes = {
				LastSwiftUpdateCheck = 0830;
				LastUpgradeCheck = 0830;
				ORGANIZATIONNAME = "Saman Merchant";
				TargetAttributes = {
					3692031521D836BE00C7E9EA = {
						CreatedOnToolsVersion = 8.3.3;
						ProvisioningStyle = Automatic;
					};
					3692032921D836BF00C7E9EA = {
						CreatedOnToolsVersion = 8.3.3;
						ProvisioningStyle = Automatic;
						TestTargetID = 3692031521D836BE00C7E9EA;
					};
					3692033421D836BF00C7E9EA = {
						CreatedOnToolsVersion = 8.3.3;
						ProvisioningStyle = Automatic;
						TestTargetID = 3692031521D836BE00C7E9EA;
					};
				};
			};
			buildConfigurationList = 3692031121D836BE00C7E9EA /* Build configuration list for PBXProject "Tippy" */;
			compatibilityVersion = "Xcode 3.2";
			developmentRegion = English;
			hasScannedForEncodings = 0;
			knownRegions = (
				en,
				Base,
			);
			mainGroup = 3692030D21D836BE00C7E9EA;
			productRefGroup = 3692031721D836BF00C7E9EA /* Products */;
			projectDirPath = "";
			projectRoot = "";
			targets = (
				3692031521D836BE00C7E9EA /* Tippy */,
				3692032921D836BF00C7E9EA /* TippyTests */,
				3692033421D836BF00C7E9EA /* TippyUITests */,
			);
		};
/* End PBXProject section */

/* Begin PBXResourcesBuildPhase section */
		3692031421D836BE00C7E9EA /* Resources */ = {
			isa = PBXResourcesBuildPhase;
			buildActionMask = 2147483647;
			files = (
				3692032421D836BF00C7E9EA /* LaunchScreen.storyboard in Resources */,
				3692032121D836BF00C7E9EA /* Assets.xcassets in Resources */,
				3692031F21D836BF00C7E9EA /* Main.storyboard in Resources */,
			);
			runOnlyForDeploymentPostprocessing = 0;
		};
		3692032821D836BF00C7E9EA /* Resources */ = {
			isa = PBXResourcesBuildPhase;
			buildActionMask = 2147483647;
			files = (
			);
			runOnlyForDeploymentPostprocessing = 0;
		};
		3692033321D836BF00C7E9EA /* Resources */ = {
			isa = PBXResourcesBuildPhase;
			buildActionMask = 2147483647;
			files = (
			);
			runOnlyForDeploymentPostprocessing = 0;
		};
/* End PBXResourcesBuildPhase section */

/* Begin PBXSourcesBuildPhase section */
		3692031221D836BE00C7E9EA /* Sources */ = {
			isa = PBXSourcesBuildPhase;
			buildActionMask = 2147483647;
			files = (
				3692031C21D836BF00C7E9EA /* ViewController.swift in Sources */,
				3692031A21D836BF00C7E9EA /* AppDelegate.swift in Sources */,
			);
			runOnlyForDeploymentPostprocessing = 0;
		};
		3692032621D836BF00C7E9EA /* Sources */ = {
			isa = PBXSourcesBuildPhase;
			buildActionMask = 2147483647;
			files = (
				3692032F21D836BF00C7E9EA /* TippyTests.swift in Sources */,
			);
			runOnlyForDeploymentPostprocessing = 0;
		};
		3692033121D836BF00C7E9EA /* Sources */ = {
			isa = PBXSourcesBuildPhase;
			buildActionMask = 2147483647;
			files = (
				3692033A21D836BF00C7E9EA /* TippyUITests.swift in Sources */,
			);
			runOnlyForDeploymentPostprocessing = 0;
		};
/* End PBXSourcesBuildPhase section */

/* Begin PBXTargetDependency section */
		3692032C21D836BF00C7E9EA /* PBXTargetDependency */ = {
			isa = PBXTargetDependency;
			target = 3692031521D836BE00C7E9EA /* Tippy */;
			targetProxy = 3692032B21D836BF00C7E9EA /* PBXContainerItemProxy */;
		};
		3692033721D836BF00C7E9EA /* PBXTargetDependency */ = {
			isa = PBXTargetDependency;
			target = 3692031521D836BE00C7E9EA /* Tippy */;
			targetProxy = 3692033621D836BF00C7E9EA /* PBXContainerItemProxy */;
		};
/* End PBXTargetDependency section */

/* Begin PBXVariantGroup section */
		3692031D21D836BF00C7E9EA /* Main.storyboard */ = {
			isa = PBXVariantGroup;
			children = (
				3692031E21D836BF00C7E9EA /* Base */,
			);
			name = Main.storyboard;
			sourceTree = "<group>";
		};
		3692032221D836BF00C7E9EA /* LaunchScreen.storyboard */ = {
			isa = PBXVariantGroup;
			children = (
				3692032321D836BF00C7E9EA /* Base */,
			);
			name = LaunchScreen.storyboard;
			sourceTree = "<group>";
		};
/* End PBXVariantGroup section */

/* Begin XCBuildConfiguration section */
		3692033C21D836BF00C7E9EA /* Debug */ = {
			isa = XCBuildConfiguration;
			buildSettings = {
				ALWAYS_SEARCH_USER_PATHS = NO;
				CLANG_ANALYZER_NONNULL = YES;
				CLANG_ANALYZER_NUMBER_OBJECT_CONVERSION = YES_AGGRESSIVE;
				CLANG_CXX_LANGUAGE_STANDARD = "gnu++0x";
				CLANG_CXX_LIBRARY = "libc++";
				CLANG_ENABLE_MODULES = YES;
				CLANG_ENABLE_OBJC_ARC = YES;
				CLANG_WARN_BOOL_CONVERSION = YES;
				CLANG_WARN_CONSTANT_CONVERSION = YES;
				CLANG_WARN_DIRECT_OBJC_ISA_USAGE = YES_ERROR;
				CLANG_WARN_DOCUMENTATION_COMMENTS = YES;
				CLANG_WARN_EMPTY_BODY = YES;
				CLANG_WARN_ENUM_CONVERSION = YES;
				CLANG_WARN_INFINITE_RECURSION = YES;
				CLANG_WARN_INT_CONVERSION = YES;
				CLANG_WARN_OBJC_ROOT_CLASS = YES_ERROR;
				CLANG_WARN_SUSPICIOUS_MOVE = YES;
				CLANG_WARN_UNREACHABLE_CODE = YES;
				CLANG_WARN__DUPLICATE_METHOD_MATCH = YES;
				"CODE_SIGN_IDENTITY[sdk=iphoneos*]" = "iPhone Developer";
				COPY_PHASE_STRIP = NO;
				DEBUG_INFORMATION_FORMAT = dwarf;
				ENABLE_STRICT_OBJC_MSGSEND = YES;
				ENABLE_TESTABILITY = YES;
				GCC_C_LANGUAGE_STANDARD = gnu99;
				GCC_DYNAMIC_NO_PIC = NO;
				GCC_NO_COMMON_BLOCKS = YES;
				GCC_OPTIMIZATION_LEVEL = 0;
				GCC_PREPROCESSOR_DEFINITIONS = (
					"DEBUG=1",
					"$(inherited)",
				);
				GCC_WARN_64_TO_32_BIT_CONVERSION = YES;
				GCC_WARN_ABOUT_RETURN_TYPE = YES_ERROR;
				GCC_WARN_UNDECLARED_SELECTOR = YES;
				GCC_WARN_UNINITIALIZED_AUTOS = YES_AGGRESSIVE;
				GCC_WARN_UNUSED_FUNCTION = YES;
				GCC_WARN_UNUSED_VARIABLE = YES;
				IPHONEOS_DEPLOYMENT_TARGET = 10.3;
				MTL_ENABLE_DEBUG_INFO = YES;
				ONLY_ACTIVE_ARCH = YES;
				SDKROOT = iphoneos;
				SWIFT_ACTIVE_COMPILATION_CONDITIONS = DEBUG;
				SWIFT_OPTIMIZATION_LEVEL = "-Onone";
			};
			name = Debug;
		};
		3692033D21D836BF00C7E9EA /* Release */ = {
			isa = XCBuildConfiguration;
			buildSettings = {
				ALWAYS_SEARCH_USER_PATHS = NO;
				CLANG_ANALYZER_NONNULL = YES;
				CLANG_ANALYZER_NUMBER_OBJECT_CONVERSION = YES_AGGRESSIVE;
				CLANG_CXX_LANGUAGE_STANDARD = "gnu++0x";
				CLANG_CXX_LIBRARY = "libc++";
				CLANG_ENABLE_MODULES = YES;
				CLANG_ENABLE_OBJC_ARC = YES;
				CLANG_WARN_BOOL_CONVERSION = YES;
				CLANG_WARN_CONSTANT_CONVERSION = YES;
				CLANG_WARN_DIRECT_OBJC_ISA_USAGE = YES_ERROR;
				CLANG_WARN_DOCUMENTATION_COMMENTS = YES;
				CLANG_WARN_EMPTY_BODY = YES;
				CLANG_WARN_ENUM_CONVERSION = YES;
				CLANG_WARN_INFINITE_RECURSION = YES;
				CLANG_WARN_INT_CONVERSION = YES;
				CLANG_WARN_OBJC_ROOT_CLASS = YES_ERROR;
				CLANG_WARN_SUSPICIOUS_MOVE = YES;
				CLANG_WARN_UNREACHABLE_CODE = YES;
				CLANG_WARN__DUPLICATE_METHOD_MATCH = YES;
				"CODE_SIGN_IDENTITY[sdk=iphoneos*]" = "iPhone Developer";
				COPY_PHASE_STRIP = NO;
				DEBUG_INFORMATION_FORMAT = "dwarf-with-dsym";
				ENABLE_NS_ASSERTIONS = NO;
				ENABLE_STRICT_OBJC_MSGSEND = YES;
				GCC_C_LANGUAGE_STANDARD = gnu99;
				GCC_NO_COMMON_BLOCKS = YES;
				GCC_WARN_64_TO_32_BIT_CONVERSION = YES;
				GCC_WARN_ABOUT_RETURN_TYPE = YES_ERROR;
				GCC_WARN_UNDECLARED_SELECTOR = YES;
				GCC_WARN_UNINITIALIZED_AUTOS = YES_AGGRESSIVE;
				GCC_WARN_UNUSED_FUNCTION = YES;
				GCC_WARN_UNUSED_VARIABLE = YES;
				IPHONEOS_DEPLOYMENT_TARGET = 10.3;
				MTL_ENABLE_DEBUG_INFO = NO;
				SDKROOT = iphoneos;
				SWIFT_OPTIMIZATION_LEVEL = "-Owholemodule";
				VALIDATE_PRODUCT = YES;
			};
			name = Release;
		};
		3692033F21D836BF00C7E9EA /* Debug */ = {
			isa = XCBuildConfiguration;
			buildSettings = {
				ASSETCATALOG_COMPILER_APPICON_NAME = AppIcon;
				INFOPLIST_FILE = Tippy/Info.plist;
				LD_RUNPATH_SEARCH_PATHS = "$(inherited) @executable_path/Frameworks";
				PRODUCT_BUNDLE_IDENTIFIER = com.codepath.Tippy;
				PRODUCT_NAME = "$(TARGET_NAME)";
				SWIFT_VERSION = 3.0;
			};
			name = Debug;
		};
		3692034021D836BF00C7E9EA /* Release */ = {
			isa = XCBuildConfiguration;
			buildSettings = {
				ASSETCATALOG_COMPILER_APPICON_NAME = AppIcon;
				INFOPLIST_FILE = Tippy/Info.plist;
				LD_RUNPATH_SEARCH_PATHS = "$(inherited) @executable_path/Frameworks";
				PRODUCT_BUNDLE_IDENTIFIER = com.codepath.Tippy;
				PRODUCT_NAME = "$(TARGET_NAME)";
				SWIFT_VERSION = 3.0;
			};
			name = Release;
		};
		3692034221D836BF00C7E9EA /* Debug */ = {
			isa = XCBuildConfiguration;
			buildSettings = {
				ALWAYS_EMBED_SWIFT_STANDARD_LIBRARIES = YES;
				BUNDLE_LOADER = "$(TEST_HOST)";
				INFOPLIST_FILE = TippyTests/Info.plist;
				LD_RUNPATH_SEARCH_PATHS = "$(inherited) @executable_path/Frameworks @loader_path/Frameworks";
				PRODUCT_BUNDLE_IDENTIFIER = com.codepath.TippyTests;
				PRODUCT_NAME = "$(TARGET_NAME)";
				SWIFT_VERSION = 3.0;
				TEST_HOST = "$(BUILT_PRODUCTS_DIR)/Tippy.app/Tippy";
			};
			name = Debug;
		};
		3692034321D836BF00C7E9EA /* Release */ = {
			isa = XCBuildConfiguration;
			buildSettings = {
				ALWAYS_EMBED_SWIFT_STANDARD_LIBRARIES = YES;
				BUNDLE_LOADER = "$(TEST_HOST)";
				INFOPLIST_FILE = TippyTests/Info.plist;
				LD_RUNPATH_SEARCH_PATHS = "$(inherited) @executable_path/Frameworks @loader_path/Frameworks";
				PRODUCT_BUNDLE_IDENTIFIER = com.codepath.TippyTests;
				PRODUCT_NAME = "$(TARGET_NAME)";
				SWIFT_VERSION = 3.0;
				TEST_HOST = "$(BUILT_PRODUCTS_DIR)/Tippy.app/Tippy";
			};
			name = Release;
		};
		3692034521D836BF00C7E9EA /* Debug */ = {
			isa = XCBuildConfiguration;
			buildSettings = {
				ALWAYS_EMBED_SWIFT_STANDARD_LIBRARIES = YES;
				INFOPLIST_FILE = TippyUITests/Info.plist;
				LD_RUNPATH_SEARCH_PATHS = "$(inherited) @executable_path/Frameworks @loader_path/Frameworks";
				PRODUCT_BUNDLE_IDENTIFIER = com.codepath.TippyUITests;
				PRODUCT_NAME = "$(TARGET_NAME)";
				SWIFT_VERSION = 3.0;
				TEST_TARGET_NAME = Tippy;
			};
			name = Debug;
		};
		3692034621D836BF00C7E9EA /* Release */ = {
			isa = XCBuildConfiguration;
			buildSettings = {
				ALWAYS_EMBED_SWIFT_STANDARD_LIBRARIES = YES;
				INFOPLIST_FILE = TippyUITests/Info.plist;
				LD_RUNPATH_SEARCH_PATHS = "$(inherited) @executable_path/Frameworks @loader_path/Frameworks";
				PRODUCT_BUNDLE_IDENTIFIER = com.codepath.TippyUITests;
				PRODUCT_NAME = "$(TARGET_NAME)";
				SWIFT_VERSION = 3.0;
				TEST_TARGET_NAME = Tippy;
			};
			name = Release;
		};
/* End XCBuildConfiguration section */

/* Begin XCConfigurationList section */
		3692031121D836BE00C7E9EA /* Build configuration list for PBXProject "Tippy" */ = {
			isa = XCConfigurationList;
			buildConfigurations = (
				3692033C21D836BF00C7E9EA /* Debug */,
				3692033D21D836BF00C7E9EA /* Release */,
			);
			defaultConfigurationIsVisible = 0;
			defaultConfigurationName = Release;
		};
		3692033E21D836BF00C7E9EA /* Build configuration list for PBXNativeTarget "Tippy" */ = {
			isa = XCConfigurationList;
			buildConfigurations = (
				3692033F21D836BF00C7E9EA /* Debug */,
				3692034021D836BF00C7E9EA /* Release */,
			);
			defaultConfigurationIsVisible = 0;
		};
		3692034121D836BF00C7E9EA /* Build configuration list for PBXNativeTarget "TippyTests" */ = {
			isa = XCConfigurationList;
			buildConfigurations = (
				3692034221D836BF00C7E9EA /* Debug */,
				3692034321D836BF00C7E9EA /* Release */,
			);
			defaultConfigurationIsVisible = 0;
		};
		3692034421D836BF00C7E9EA /* Build configuration list for PBXNativeTarget "TippyUITests" */ = {
			isa = XCConfigurationList;
			buildConfigurations = (
				3692034521D836BF00C7E9EA /* Debug */,
				3692034621D836BF00C7E9EA /* Release */,
			);
			defaultConfigurationIsVisible = 0;
		};
/* End XCConfigurationList section */
	};
	rootObject = 3692030E21D836BE00C7E9EA /* Project object */;
}
